
Microsoft Visual Studio Solution File, Format Version 12.00
# Visual Studio 2012
Project("{E24C65DC-7377-472B-9ABA-BC803B73C61A}") = "Two Wheeler Catalog", "F:\B.C.A\course files\asp dot net\projects\Two Wheeler Catalog\", "{2D17042F-8827-4E2E-9AFC-574C12183FB9}"
	ProjectSection(WebsiteProperties) = preProject
		TargetFrameworkMoniker = ".NETFramework,Version%3Dv4.5"
		Debug.AspNetCompiler.VirtualPath = "/Two Wheeler Catalog"
		Debug.AspNetCompiler.PhysicalPath = "F:\B.C.A\course files\asp dot net\projects\Two Wheeler Catalog\"
		Debug.AspNetCompiler.TargetPath = "PrecompiledWeb\Two Wheeler Catalog\"
		Debug.AspNetCompiler.Updateable = "true"
		Debug.AspNetCompiler.ForceOverwrite = "true"
		Debug.AspNetCompiler.FixedNames = "false"
		Debug.AspNetCompiler.Debug = "True"
		Release.AspNetCompiler.VirtualPath = "/Two Wheeler Catalog"
		Release.AspNetCompiler.PhysicalPath = "F:\B.C.A\course files\asp dot net\projects\Two Wheeler Catalog\"
		Release.AspNetCompiler.TargetPath = "PrecompiledWeb\Two Wheeler Catalog\"
		Release.AspNetCompiler.Updateable = "true"
		Release.AspNetCompiler.ForceOverwrite = "true"
		Release.AspNetCompiler.FixedNames = "false"
		Release.AspNetCompiler.Debug = "False"
		VWDPort = "57191"
	EndProjectSection
EndProject
Global
	GlobalSection(SolutionConfigurationPlatforms) = preSolution
		Debug|Any CPU = Debug|Any CPU
	EndGlobalSection
	GlobalSection(ProjectConfigurationPlatforms) = postSolution
		{2D17042F-8827-4E2E-9AFC-574C12183FB9}.Debug|Any CPU.ActiveCfg = Debug|Any CPU
		{2D17042F-8827-4E2E-9AFC-574C12183FB9}.Debug|Any CPU.Build.0 = Debug|Any CPU
	EndGlobalSection
	GlobalSection(SolutionProperties) = preSolution
		HideSolutionNode = FALSE
	EndGlobalSection
EndGlobal
